// !$*UTF8*$!
{
	archiveVersion = 1;
	classes = {
	};
	objectVersion = 48;
	objects = {

/* Begin PBXBuildFile section */
		2B1295641FE842870021ED62 /* Keys.swift in Sources */ = {isa = PBXBuildFile; fileRef = 2B1295631FE842870021ED62 /* Keys.swift */; };
		2BD0EB1A1FE8246D006C9DC6 /* AppDelegate.swift in Sources */ = {isa = PBXBuildFile; fileRef = 2BD0EB191FE8246D006C9DC6 /* AppDelegate.swift */; };
		2BD0EB1C1FE8246D006C9DC6 /* ViewController.swift in Sources */ = {isa = PBXBuildFile; fileRef = 2BD0EB1B1FE8246D006C9DC6 /* ViewController.swift */; };
		2BD0EB1E1FE8246D006C9DC6 /* Assets.xcassets in Resources */ = {isa = PBXBuildFile; fileRef = 2BD0EB1D1FE8246D006C9DC6 /* Assets.xcassets */; };
		2BD0EB211FE8246D006C9DC6 /* Main.storyboard in Resources */ = {isa = PBXBuildFile; fileRef = 2BD0EB1F1FE8246D006C9DC6 /* Main.storyboard */; };
		2BD0EB2D1FE8246D006C9DC6 /* RandomquizTests.swift in Sources */ = {isa = PBXBuildFile; fileRef = 2BD0EB2C1FE8246D006C9DC6 /* RandomquizTests.swift */; };
		2BD0EB381FE8246D006C9DC6 /* RandomquizUITests.swift in Sources */ = {isa = PBXBuildFile; fileRef = 2BD0EB371FE8246D006C9DC6 /* RandomquizUITests.swift */; };
		2BD0EB971FE82645006C9DC6 /* 15.rtf in Resources */ = {isa = PBXBuildFile; fileRef = 2BD0EB471FE82645006C9DC6 /* 15.rtf */; };
		2BD0EB981FE82645006C9DC6 /* 29.rtf in Resources */ = {isa = PBXBuildFile; fileRef = 2BD0EB481FE82645006C9DC6 /* 29.rtf */; };
		2BD0EB991FE82645006C9DC6 /* 28.rtf in Resources */ = {isa = PBXBuildFile; fileRef = 2BD0EB491FE82645006C9DC6 /* 28.rtf */; };
		2BD0EB9A1FE82645006C9DC6 /* 14.rtf in Resources */ = {isa = PBXBuildFile; fileRef = 2BD0EB4A1FE82645006C9DC6 /* 14.rtf */; };
		2BD0EB9B1FE82645006C9DC6 /* 16.rtf in Resources */ = {isa = PBXBuildFile; fileRef = 2BD0EB4B1FE82645006C9DC6 /* 16.rtf */; };
		2BD0EB9C1FE82645006C9DC6 /* 17.rtf in Resources */ = {isa = PBXBuildFile; fileRef = 2BD0EB4C1FE82645006C9DC6 /* 17.rtf */; };
		2BD0EB9D1FE82645006C9DC6 /* 13.rtf in Resources */ = {isa = PBXBuildFile; fileRef = 2BD0EB4D1FE82645006C9DC6 /* 13.rtf */; };
		2BD0EB9E1FE82645006C9DC6 /* 12.rtf in Resources */ = {isa = PBXBuildFile; fileRef = 2BD0EB4E1FE82645006C9DC6 /* 12.rtf */; };
		2BD0EB9F1FE82645006C9DC6 /* 38.rtf in Resources */ = {isa = PBXBuildFile; fileRef = 2BD0EB4F1FE82645006C9DC6 /* 38.rtf */; };
		2BD0EBA01FE82645006C9DC6 /* 10.rtf in Resources */ = {isa = PBXBuildFile; fileRef = 2BD0EB501FE82645006C9DC6 /* 10.rtf */; };
		2BD0EBA11FE82645006C9DC6 /* 11.rtf in Resources */ = {isa = PBXBuildFile; fileRef = 2BD0EB511FE82645006C9DC6 /* 11.rtf */; };
		2BD0EBA21FE82645006C9DC6 /* 39.rtf in Resources */ = {isa = PBXBuildFile; fileRef = 2BD0EB521FE82645006C9DC6 /* 39.rtf */; };
		2BD0EBA31FE82645006C9DC6 /* 76.rtf in Resources */ = {isa = PBXBuildFile; fileRef = 2BD0EB531FE82645006C9DC6 /* 76.rtf */; };
		2BD0EBA41FE82645006C9DC6 /* 62.rtf in Resources */ = {isa = PBXBuildFile; fileRef = 2BD0EB541FE82645006C9DC6 /* 62.rtf */; };
		2BD0EBA51FE82645006C9DC6 /* 63.rtf in Resources */ = {isa = PBXBuildFile; fileRef = 2BD0EB551FE82645006C9DC6 /* 63.rtf */; };
		2BD0EBA61FE82645006C9DC6 /* 77.rtf in Resources */ = {isa = PBXBuildFile; fileRef = 2BD0EB561FE82645006C9DC6 /* 77.rtf */; };
		2BD0EBA71FE82645006C9DC6 /* 61.rtf in Resources */ = {isa = PBXBuildFile; fileRef = 2BD0EB571FE82645006C9DC6 /* 61.rtf */; };
		2BD0EBA81FE82645006C9DC6 /* 75.rtf in Resources */ = {isa = PBXBuildFile; fileRef = 2BD0EB581FE82645006C9DC6 /* 75.rtf */; };
		2BD0EBA91FE82645006C9DC6 /* 49.rtf in Resources */ = {isa = PBXBuildFile; fileRef = 2BD0EB591FE82645006C9DC6 /* 49.rtf */; };
		2BD0EBAA1FE82645006C9DC6 /* 48.rtf in Resources */ = {isa = PBXBuildFile; fileRef = 2BD0EB5A1FE82645006C9DC6 /* 48.rtf */; };
		2BD0EBAB1FE82645006C9DC6 /* 74.rtf in Resources */ = {isa = PBXBuildFile; fileRef = 2BD0EB5B1FE82645006C9DC6 /* 74.rtf */; };
		2BD0EBAC1FE82645006C9DC6 /* 60.rtf in Resources */ = {isa = PBXBuildFile; fileRef = 2BD0EB5C1FE82645006C9DC6 /* 60.rtf */; };
		2BD0EBAD1FE82645006C9DC6 /* 58.rtf in Resources */ = {isa = PBXBuildFile; fileRef = 2BD0EB5D1FE82645006C9DC6 /* 58.rtf */; };
		2BD0EBAE1FE82645006C9DC6 /* 64.rtf in Resources */ = {isa = PBXBuildFile; fileRef = 2BD0EB5E1FE82645006C9DC6 /* 64.rtf */; };
		2BD0EBAF1FE82645006C9DC6 /* 70.rtf in Resources */ = {isa = PBXBuildFile; fileRef = 2BD0EB5F1FE82645006C9DC6 /* 70.rtf */; };
		2BD0EBB01FE82645006C9DC6 /* 71.rtf in Resources */ = {isa = PBXBuildFile; fileRef = 2BD0EB601FE82645006C9DC6 /* 71.rtf */; };
		2BD0EBB11FE82645006C9DC6 /* 65.rtf in Resources */ = {isa = PBXBuildFile; fileRef = 2BD0EB611FE82645006C9DC6 /* 65.rtf */; };
		2BD0EBB21FE82645006C9DC6 /* 59.rtf in Resources */ = {isa = PBXBuildFile; fileRef = 2BD0EB621FE82645006C9DC6 /* 59.rtf */; };
		2BD0EBB31FE82645006C9DC6 /* 9.rtf in Resources */ = {isa = PBXBuildFile; fileRef = 2BD0EB631FE82645006C9DC6 /* 9.rtf */; };
		2BD0EBB41FE82645006C9DC6 /* 73.rtf in Resources */ = {isa = PBXBuildFile; fileRef = 2BD0EB641FE82645006C9DC6 /* 73.rtf */; };
		2BD0EBB51FE82645006C9DC6 /* 67.rtf in Resources */ = {isa = PBXBuildFile; fileRef = 2BD0EB651FE82645006C9DC6 /* 67.rtf */; };
		2BD0EBB61FE82645006C9DC6 /* 66.rtf in Resources */ = {isa = PBXBuildFile; fileRef = 2BD0EB661FE82645006C9DC6 /* 66.rtf */; };
		2BD0EBB71FE82645006C9DC6 /* 72.rtf in Resources */ = {isa = PBXBuildFile; fileRef = 2BD0EB671FE82645006C9DC6 /* 72.rtf */; };
		2BD0EBB81FE82645006C9DC6 /* 8.rtf in Resources */ = {isa = PBXBuildFile; fileRef = 2BD0EB681FE82645006C9DC6 /* 8.rtf */; };
		2BD0EBB91FE82645006C9DC6 /* 80.rtf in Resources */ = {isa = PBXBuildFile; fileRef = 2BD0EB691FE82645006C9DC6 /* 80.rtf */; };
		2BD0EBBA1FE82645006C9DC6 /* 5.rtf in Resources */ = {isa = PBXBuildFile; fileRef = 2BD0EB6A1FE82645006C9DC6 /* 5.rtf */; };
		2BD0EBBB1FE82645006C9DC6 /* 57.rtf in Resources */ = {isa = PBXBuildFile; fileRef = 2BD0EB6B1FE82645006C9DC6 /* 57.rtf */; };
		2BD0EBBC1FE82645006C9DC6 /* 43.rtf in Resources */ = {isa = PBXBuildFile; fileRef = 2BD0EB6C1FE82645006C9DC6 /* 43.rtf */; };
		2BD0EBBD1FE82645006C9DC6 /* 42.rtf in Resources */ = {isa = PBXBuildFile; fileRef = 2BD0EB6D1FE82645006C9DC6 /* 42.rtf */; };
		2BD0EBBE1FE82645006C9DC6 /* 4.rtf in Resources */ = {isa = PBXBuildFile; fileRef = 2BD0EB6E1FE82645006C9DC6 /* 4.rtf */; };
		2BD0EBBF1FE82645006C9DC6 /* 56.rtf in Resources */ = {isa = PBXBuildFile; fileRef = 2BD0EB6F1FE82645006C9DC6 /* 56.rtf */; };
		2BD0EBC01FE82645006C9DC6 /* 40.rtf in Resources */ = {isa = PBXBuildFile; fileRef = 2BD0EB701FE82645006C9DC6 /* 40.rtf */; };
		2BD0EBC11FE82645006C9DC6 /* 54.rtf in Resources */ = {isa = PBXBuildFile; fileRef = 2BD0EB711FE82645006C9DC6 /* 54.rtf */; };
		2BD0EBC21FE82645006C9DC6 /* 6.rtf in Resources */ = {isa = PBXBuildFile; fileRef = 2BD0EB721FE82645006C9DC6 /* 6.rtf */; };
		2BD0EBC31FE82645006C9DC6 /* 68.rtf in Resources */ = {isa = PBXBuildFile; fileRef = 2BD0EB731FE82645006C9DC6 /* 68.rtf */; };
		2BD0EBC41FE82645006C9DC6 /* 69.rtf in Resources */ = {isa = PBXBuildFile; fileRef = 2BD0EB741FE82645006C9DC6 /* 69.rtf */; };
		2BD0EBC51FE82645006C9DC6 /* 55.rtf in Resources */ = {isa = PBXBuildFile; fileRef = 2BD0EB751FE82645006C9DC6 /* 55.rtf */; };
		2BD0EBC61FE82645006C9DC6 /* 7.rtf in Resources */ = {isa = PBXBuildFile; fileRef = 2BD0EB761FE82645006C9DC6 /* 7.rtf */; };
		2BD0EBC71FE82645006C9DC6 /* 41.rtf in Resources */ = {isa = PBXBuildFile; fileRef = 2BD0EB771FE82645006C9DC6 /* 41.rtf */; };
		2BD0EBC81FE82645006C9DC6 /* 79.rtf in Resources */ = {isa = PBXBuildFile; fileRef = 2BD0EB781FE82645006C9DC6 /* 79.rtf */; };
		2BD0EBC91FE82645006C9DC6 /* 45.rtf in Resources */ = {isa = PBXBuildFile; fileRef = 2BD0EB791FE82645006C9DC6 /* 45.rtf */; };
		2BD0EBCA1FE82645006C9DC6 /* 3.rtf in Resources */ = {isa = PBXBuildFile; fileRef = 2BD0EB7A1FE82645006C9DC6 /* 3.rtf */; };
		2BD0EBCB1FE82645006C9DC6 /* 51.rtf in Resources */ = {isa = PBXBuildFile; fileRef = 2BD0EB7B1FE82645006C9DC6 /* 51.rtf */; };
		2BD0EBCC1FE82645006C9DC6 /* 2.rtf in Resources */ = {isa = PBXBuildFile; fileRef = 2BD0EB7C1FE82645006C9DC6 /* 2.rtf */; };
		2BD0EBCD1FE82645006C9DC6 /* 50.rtf in Resources */ = {isa = PBXBuildFile; fileRef = 2BD0EB7D1FE82645006C9DC6 /* 50.rtf */; };
		2BD0EBCE1FE82645006C9DC6 /* 44.rtf in Resources */ = {isa = PBXBuildFile; fileRef = 2BD0EB7E1FE82645006C9DC6 /* 44.rtf */; };
		2BD0EBCF1FE82645006C9DC6 /* 78.rtf in Resources */ = {isa = PBXBuildFile; fileRef = 2BD0EB7F1FE82645006C9DC6 /* 78.rtf */; };
		2BD0EBD01FE82645006C9DC6 /* 52.rtf in Resources */ = {isa = PBXBuildFile; fileRef = 2BD0EB801FE82645006C9DC6 /* 52.rtf */; };
		2BD0EBD11FE82645006C9DC6 /* 46.rtf in Resources */ = {isa = PBXBuildFile; fileRef = 2BD0EB811FE82645006C9DC6 /* 46.rtf */; };
		2BD0EBD21FE82645006C9DC6 /* 47.rtf in Resources */ = {isa = PBXBuildFile; fileRef = 2BD0EB821FE82645006C9DC6 /* 47.rtf */; };
		2BD0EBD31FE82645006C9DC6 /* 53.rtf in Resources */ = {isa = PBXBuildFile; fileRef = 2BD0EB831FE82645006C9DC6 /* 53.rtf */; };
		2BD0EBD41FE82645006C9DC6 /* 1.rtf in Resources */ = {isa = PBXBuildFile; fileRef = 2BD0EB841FE82645006C9DC6 /* 1.rtf */; };
		2BD0EBD51FE82645006C9DC6 /* 34.rtf in Resources */ = {isa = PBXBuildFile; fileRef = 2BD0EB851FE82645006C9DC6 /* 34.rtf */; };
		2BD0EBD61FE82645006C9DC6 /* 20.rtf in Resources */ = {isa = PBXBuildFile; fileRef = 2BD0EB861FE82645006C9DC6 /* 20.rtf */; };
		2BD0EBD71FE82645006C9DC6 /* 21.rtf in Resources */ = {isa = PBXBuildFile; fileRef = 2BD0EB871FE82645006C9DC6 /* 21.rtf */; };
		2BD0EBD81FE82645006C9DC6 /* 35.rtf in Resources */ = {isa = PBXBuildFile; fileRef = 2BD0EB881FE82645006C9DC6 /* 35.rtf */; };
		2BD0EBD91FE82645006C9DC6 /* 23.rtf in Resources */ = {isa = PBXBuildFile; fileRef = 2BD0EB891FE82645006C9DC6 /* 23.rtf */; };
		2BD0EBDA1FE82645006C9DC6 /* 37.rtf in Resources */ = {isa = PBXBuildFile; fileRef = 2BD0EB8A1FE82645006C9DC6 /* 37.rtf */; };
		2BD0EBDB1FE82645006C9DC6 /* 36.rtf in Resources */ = {isa = PBXBuildFile; fileRef = 2BD0EB8B1FE82645006C9DC6 /* 36.rtf */; };
		2BD0EBDC1FE82645006C9DC6 /* 22.rtf in Resources */ = {isa = PBXBuildFile; fileRef = 2BD0EB8C1FE82645006C9DC6 /* 22.rtf */; };
		2BD0EBDD1FE82645006C9DC6 /* 26.rtf in Resources */ = {isa = PBXBuildFile; fileRef = 2BD0EB8D1FE82645006C9DC6 /* 26.rtf */; };
		2BD0EBDE1FE82645006C9DC6 /* 32.rtf in Resources */ = {isa = PBXBuildFile; fileRef = 2BD0EB8E1FE82645006C9DC6 /* 32.rtf */; };
		2BD0EBDF1FE82645006C9DC6 /* 33.rtf in Resources */ = {isa = PBXBuildFile; fileRef = 2BD0EB8F1FE82645006C9DC6 /* 33.rtf */; };
		2BD0EBE01FE82645006C9DC6 /* 27.rtf in Resources */ = {isa = PBXBuildFile; fileRef = 2BD0EB901FE82645006C9DC6 /* 27.rtf */; };
		2BD0EBE11FE82645006C9DC6 /* 19.rtf in Resources */ = {isa = PBXBuildFile; fileRef = 2BD0EB911FE82645006C9DC6 /* 19.rtf */; };
		2BD0EBE21FE82645006C9DC6 /* 31.rtf in Resources */ = {isa = PBXBuildFile; fileRef = 2BD0EB921FE82645006C9DC6 /* 31.rtf */; };
		2BD0EBE31FE82645006C9DC6 /* 25.rtf in Resources */ = {isa = PBXBuildFile; fileRef = 2BD0EB931FE82645006C9DC6 /* 25.rtf */; };
		2BD0EBE41FE82645006C9DC6 /* 24.rtf in Resources */ = {isa = PBXBuildFile; fileRef = 2BD0EB941FE82645006C9DC6 /* 24.rtf */; };
		2BD0EBE51FE82645006C9DC6 /* 30.rtf in Resources */ = {isa = PBXBuildFile; fileRef = 2BD0EB951FE82645006C9DC6 /* 30.rtf */; };
		2BD0EBE61FE82645006C9DC6 /* 18.rtf in Resources */ = {isa = PBXBuildFile; fileRef = 2BD0EB961FE82645006C9DC6 /* 18.rtf */; };
/* End PBXBuildFile section */

/* Begin PBXContainerItemProxy section */
		2BD0EB291FE8246D006C9DC6 /* PBXContainerItemProxy */ = {
			isa = PBXContainerItemProxy;
			containerPortal = 2BD0EB0E1FE8246D006C9DC6 /* Project object */;
			proxyType = 1;
			remoteGlobalIDString = 2BD0EB151FE8246D006C9DC6;
			remoteInfo = Randomquiz;
		};
		2BD0EB341FE8246D006C9DC6 /* PBXContainerItemProxy */ = {
			isa = PBXContainerItemProxy;
			containerPortal = 2BD0EB0E1FE8246D006C9DC6 /* Project object */;
			proxyType = 1;
			remoteGlobalIDString = 2BD0EB151FE8246D006C9DC6;
			remoteInfo = Randomquiz;
		};
/* End PBXContainerItemProxy section */

/* Begin PBXFileReference section */
		2B1295631FE842870021ED62 /* Keys.swift */ = {isa = PBXFileReference; lastKnownFileType = sourcecode.swift; path = Keys.swift; sourceTree = "<group>"; };
		2BD0EB161FE8246D006C9DC6 /* Randomquiz.app */ = {isa = PBXFileReference; explicitFileType = wrapper.application; includeInIndex = 0; path = Randomquiz.app; sourceTree = BUILT_PRODUCTS_DIR; };
		2BD0EB191FE8246D006C9DC6 /* AppDelegate.swift */ = {isa = PBXFileReference; lastKnownFileType = sourcecode.swift; path = AppDelegate.swift; sourceTree = "<group>"; };
		2BD0EB1B1FE8246D006C9DC6 /* ViewController.swift */ = {isa = PBXFileReference; lastKnownFileType = sourcecode.swift; path = ViewController.swift; sourceTree = "<group>"; };
		2BD0EB1D1FE8246D006C9DC6 /* Assets.xcassets */ = {isa = PBXFileReference; lastKnownFileType = folder.assetcatalog; path = Assets.xcassets; sourceTree = "<group>"; };
		2BD0EB201FE8246D006C9DC6 /* Base */ = {isa = PBXFileReference; lastKnownFileType = file.storyboard; name = Base; path = Base.lproj/Main.storyboard; sourceTree = "<group>"; };
		2BD0EB221FE8246D006C9DC6 /* Info.plist */ = {isa = PBXFileReference; lastKnownFileType = text.plist.xml; path = Info.plist; sourceTree = "<group>"; };
		2BD0EB231FE8246D006C9DC6 /* Randomquiz.entitlements */ = {isa = PBXFileReference; lastKnownFileType = text.plist.entitlements; path = Randomquiz.entitlements; sourceTree = "<group>"; };
		2BD0EB281FE8246D006C9DC6 /* RandomquizTests.xctest */ = {isa = PBXFileReference; explicitFileType = wrapper.cfbundle; includeInIndex = 0; path = RandomquizTests.xctest; sourceTree = BUILT_PRODUCTS_DIR; };
		2BD0EB2C1FE8246D006C9DC6 /* RandomquizTests.swift */ = {isa = PBXFileReference; lastKnownFileType = sourcecode.swift; path = RandomquizTests.swift; sourceTree = "<group>"; };
		2BD0EB2E1FE8246D006C9DC6 /* Info.plist */ = {isa = PBXFileReference; lastKnownFileType = text.plist.xml; path = Info.plist; sourceTree = "<group>"; };
		2BD0EB331FE8246D006C9DC6 /* RandomquizUITests.xctest */ = {isa = PBXFileReference; explicitFileType = wrapper.cfbundle; includeInIndex = 0; path = RandomquizUITests.xctest; sourceTree = BUILT_PRODUCTS_DIR; };
		2BD0EB371FE8246D006C9DC6 /* RandomquizUITests.swift */ = {isa = PBXFileReference; lastKnownFileType = sourcecode.swift; path = RandomquizUITests.swift; sourceTree = "<group>"; };
		2BD0EB391FE8246D006C9DC6 /* Info.plist */ = {isa = PBXFileReference; lastKnownFileType = text.plist.xml; path = Info.plist; sourceTree = "<group>"; };
		2BD0EB471FE82645006C9DC6 /* 15.rtf */ = {isa = PBXFileReference; fileEncoding = 4; lastKnownFileType = text.rtf; path = 15.rtf; sourceTree = "<group>"; };
		2BD0EB481FE82645006C9DC6 /* 29.rtf */ = {isa = PBXFileReference; fileEncoding = 4; lastKnownFileType = text.rtf; path = 29.rtf; sourceTree = "<group>"; };
		2BD0EB491FE82645006C9DC6 /* 28.rtf */ = {isa = PBXFileReference; fileEncoding = 4; lastKnownFileType = text.rtf; path = 28.rtf; sourceTree = "<group>"; };
		2BD0EB4A1FE82645006C9DC6 /* 14.rtf */ = {isa = PBXFileReference; fileEncoding = 4; lastKnownFileType = text.rtf; path = 14.rtf; sourceTree = "<group>"; };
		2BD0EB4B1FE82645006C9DC6 /* 16.rtf */ = {isa = PBXFileReference; fileEncoding = 4; lastKnownFileType = text.rtf; path = 16.rtf; sourceTree = "<group>"; };
		2BD0EB4C1FE82645006C9DC6 /* 17.rtf */ = {isa = PBXFileReference; fileEncoding = 4; lastKnownFileType = text.rtf; path = 17.rtf; sourceTree = "<group>"; };
		2BD0EB4D1FE82645006C9DC6 /* 13.rtf */ = {isa = PBXFileReference; fileEncoding = 4; lastKnownFileType = text.rtf; path = 13.rtf; sourceTree = "<group>"; };
		2BD0EB4E1FE82645006C9DC6 /* 12.rtf */ = {isa = PBXFileReference; fileEncoding = 4; lastKnownFileType = text.rtf; path = 12.rtf; sourceTree = "<group>"; };
		2BD0EB4F1FE82645006C9DC6 /* 38.rtf */ = {isa = PBXFileReference; fileEncoding = 4; lastKnownFileType = text.rtf; path = 38.rtf; sourceTree = "<group>"; };
		2BD0EB501FE82645006C9DC6 /* 10.rtf */ = {isa = PBXFileReference; fileEncoding = 4; lastKnownFileType = text.rtf; path = 10.rtf; sourceTree = "<group>"; };
		2BD0EB511FE82645006C9DC6 /* 11.rtf */ = {isa = PBXFileReference; fileEncoding = 4; lastKnownFileType = text.rtf; path = 11.rtf; sourceTree = "<group>"; };
		2BD0EB521FE82645006C9DC6 /* 39.rtf */ = {isa = PBXFileReference; fileEncoding = 4; lastKnownFileType = text.rtf; path = 39.rtf; sourceTree = "<group>"; };
		2BD0EB531FE82645006C9DC6 /* 76.rtf */ = {isa = PBXFileReference; fileEncoding = 4; lastKnownFileType = text.rtf; path = 76.rtf; sourceTree = "<group>"; };
		2BD0EB541FE82645006C9DC6 /* 62.rtf */ = {isa = PBXFileReference; fileEncoding = 4; lastKnownFileType = text.rtf; path = 62.rtf; sourceTree = "<group>"; };
		2BD0EB551FE82645006C9DC6 /* 63.rtf */ = {isa = PBXFileReference; fileEncoding = 4; lastKnownFileType = text.rtf; path = 63.rtf; sourceTree = "<group>"; };
		2BD0EB561FE82645006C9DC6 /* 77.rtf */ = {isa = PBXFileReference; fileEncoding = 4; lastKnownFileType = text.rtf; path = 77.rtf; sourceTree = "<group>"; };
		2BD0EB571FE82645006C9DC6 /* 61.rtf */ = {isa = PBXFileReference; fileEncoding = 4; lastKnownFileType = text.rtf; path = 61.rtf; sourceTree = "<group>"; };
		2BD0EB581FE82645006C9DC6 /* 75.rtf */ = {isa = PBXFileReference; fileEncoding = 4; lastKnownFileType = text.rtf; path = 75.rtf; sourceTree = "<group>"; };
		2BD0EB591FE82645006C9DC6 /* 49.rtf */ = {isa = PBXFileReference; fileEncoding = 4; lastKnownFileType = text.rtf; path = 49.rtf; sourceTree = "<group>"; };
		2BD0EB5A1FE82645006C9DC6 /* 48.rtf */ = {isa = PBXFileReference; fileEncoding = 4; lastKnownFileType = text.rtf; path = 48.rtf; sourceTree = "<group>"; };
		2BD0EB5B1FE82645006C9DC6 /* 74.rtf */ = {isa = PBXFileReference; fileEncoding = 4; lastKnownFileType = text.rtf; path = 74.rtf; sourceTree = "<group>"; };
		2BD0EB5C1FE82645006C9DC6 /* 60.rtf */ = {isa = PBXFileReference; fileEncoding = 4; lastKnownFileType = text.rtf; path = 60.rtf; sourceTree = "<group>"; };
		2BD0EB5D1FE82645006C9DC6 /* 58.rtf */ = {isa = PBXFileReference; fileEncoding = 4; lastKnownFileType = text.rtf; path = 58.rtf; sourceTree = "<group>"; };
		2BD0EB5E1FE82645006C9DC6 /* 64.rtf */ = {isa = PBXFileReference; fileEncoding = 4; lastKnownFileType = text.rtf; path = 64.rtf; sourceTree = "<group>"; };
		2BD0EB5F1FE82645006C9DC6 /* 70.rtf */ = {isa = PBXFileReference; fileEncoding = 4; lastKnownFileType = text.rtf; path = 70.rtf; sourceTree = "<group>"; };
		2BD0EB601FE82645006C9DC6 /* 71.rtf */ = {isa = PBXFileReference; fileEncoding = 4; lastKnownFileType = text.rtf; path = 71.rtf; sourceTree = "<group>"; };
		2BD0EB611FE82645006C9DC6 /* 65.rtf */ = {isa = PBXFileReference; fileEncoding = 4; lastKnownFileType = text.rtf; path = 65.rtf; sourceTree = "<group>"; };
		2BD0EB621FE82645006C9DC6 /* 59.rtf */ = {isa = PBXFileReference; fileEncoding = 4; lastKnownFileType = text.rtf; path = 59.rtf; sourceTree = "<group>"; };
		2BD0EB631FE82645006C9DC6 /* 9.rtf */ = {isa = PBXFileReference; fileEncoding = 4; lastKnownFileType = text.rtf; path = 9.rtf; sourceTree = "<group>"; };
		2BD0EB641FE82645006C9DC6 /* 73.rtf */ = {isa = PBXFileReference; fileEncoding = 4; lastKnownFileType = text.rtf; path = 73.rtf; sourceTree = "<group>"; };
		2BD0EB651FE82645006C9DC6 /* 67.rtf */ = {isa = PBXFileReference; fileEncoding = 4; lastKnownFileType = text.rtf; path = 67.rtf; sourceTree = "<group>"; };
		2BD0EB661FE82645006C9DC6 /* 66.rtf */ = {isa = PBXFileReference; fileEncoding = 4; lastKnownFileType = text.rtf; path = 66.rtf; sourceTree = "<group>"; };
		2BD0EB671FE82645006C9DC6 /* 72.rtf */ = {isa = PBXFileReference; fileEncoding = 4; lastKnownFileType = text.rtf; path = 72.rtf; sourceTree = "<group>"; };
		2BD0EB681FE82645006C9DC6 /* 8.rtf */ = {isa = PBXFileReference; fileEncoding = 4; lastKnownFileType = text.rtf; path = 8.rtf; sourceTree = "<group>"; };
		2BD0EB691FE82645006C9DC6 /* 80.rtf */ = {isa = PBXFileReference; fileEncoding = 4; lastKnownFileType = text.rtf; path = 80.rtf; sourceTree = "<group>"; };
		2BD0EB6A1FE82645006C9DC6 /* 5.rtf */ = {isa = PBXFileReference; fileEncoding = 4; lastKnownFileType = text.rtf; path = 5.rtf; sourceTree = "<group>"; };
		2BD0EB6B1FE82645006C9DC6 /* 57.rtf */ = {isa = PBXFileReference; fileEncoding = 4; lastKnownFileType = text.rtf; path = 57.rtf; sourceTree = "<group>"; };
		2BD0EB6C1FE82645006C9DC6 /* 43.rtf */ = {isa = PBXFileReference; fileEncoding = 4; lastKnownFileType = text.rtf; path = 43.rtf; sourceTree = "<group>"; };
		2BD0EB6D1FE82645006C9DC6 /* 42.rtf */ = {isa = PBXFileReference; fileEncoding = 4; lastKnownFileType = text.rtf; path = 42.rtf; sourceTree = "<group>"; };
		2BD0EB6E1FE82645006C9DC6 /* 4.rtf */ = {isa = PBXFileReference; fileEncoding = 4; lastKnownFileType = text.rtf; path = 4.rtf; sourceTree = "<group>"; };
		2BD0EB6F1FE82645006C9DC6 /* 56.rtf */ = {isa = PBXFileReference; fileEncoding = 4; lastKnownFileType = text.rtf; path = 56.rtf; sourceTree = "<group>"; };
		2BD0EB701FE82645006C9DC6 /* 40.rtf */ = {isa = PBXFileReference; fileEncoding = 4; lastKnownFileType = text.rtf; path = 40.rtf; sourceTree = "<group>"; };
		2BD0EB711FE82645006C9DC6 /* 54.rtf */ = {isa = PBXFileReference; fileEncoding = 4; lastKnownFileType = text.rtf; path = 54.rtf; sourceTree = "<group>"; };
		2BD0EB721FE82645006C9DC6 /* 6.rtf */ = {isa = PBXFileReference; fileEncoding = 4; lastKnownFileType = text.rtf; path = 6.rtf; sourceTree = "<group>"; };
		2BD0EB731FE82645006C9DC6 /* 68.rtf */ = {isa = PBXFileReference; fileEncoding = 4; lastKnownFileType = text.rtf; path = 68.rtf; sourceTree = "<group>"; };
		2BD0EB741FE82645006C9DC6 /* 69.rtf */ = {isa = PBXFileReference; fileEncoding = 4; lastKnownFileType = text.rtf; path = 69.rtf; sourceTree = "<group>"; };
		2BD0EB751FE82645006C9DC6 /* 55.rtf */ = {isa = PBXFileReference; fileEncoding = 4; lastKnownFileType = text.rtf; path = 55.rtf; sourceTree = "<group>"; };
		2BD0EB761FE82645006C9DC6 /* 7.rtf */ = {isa = PBXFileReference; fileEncoding = 4; lastKnownFileType = text.rtf; path = 7.rtf; sourceTree = "<group>"; };
		2BD0EB771FE82645006C9DC6 /* 41.rtf */ = {isa = PBXFileReference; fileEncoding = 4; lastKnownFileType = text.rtf; path = 41.rtf; sourceTree = "<group>"; };
		2BD0EB781FE82645006C9DC6 /* 79.rtf */ = {isa = PBXFileReference; fileEncoding = 4; lastKnownFileType = text.rtf; path = 79.rtf; sourceTree = "<group>"; };
		2BD0EB791FE82645006C9DC6 /* 45.rtf */ = {isa = PBXFileReference; fileEncoding = 4; lastKnownFileType = text.rtf; path = 45.rtf; sourceTree = "<group>"; };
		2BD0EB7A1FE82645006C9DC6 /* 3.rtf */ = {isa = PBXFileReference; fileEncoding = 4; lastKnownFileType = text.rtf; path = 3.rtf; sourceTree = "<group>"; };
		2BD0EB7B1FE82645006C9DC6 /* 51.rtf */ = {isa = PBXFileReference; fileEncoding = 4; lastKnownFileType = text.rtf; path = 51.rtf; sourceTree = "<group>"; };
		2BD0EB7C1FE82645006C9DC6 /* 2.rtf */ = {isa = PBXFileReference; fileEncoding = 4; lastKnownFileType = text.rtf; path = 2.rtf; sourceTree = "<group>"; };
		2BD0EB7D1FE82645006C9DC6 /* 50.rtf */ = {isa = PBXFileReference; fileEncoding = 4; lastKnownFileType = text.rtf; path = 50.rtf; sourceTree = "<group>"; };
		2BD0EB7E1FE82645006C9DC6 /* 44.rtf */ = {isa = PBXFileReference; fileEncoding = 4; lastKnownFileType = text.rtf; path = 44.rtf; sourceTree = "<group>"; };
		2BD0EB7F1FE82645006C9DC6 /* 78.rtf */ = {isa = PBXFileReference; fileEncoding = 4; lastKnownFileType = text.rtf; path = 78.rtf; sourceTree = "<group>"; };
		2BD0EB801FE82645006C9DC6 /* 52.rtf */ = {isa = PBXFileReference; fileEncoding = 4; lastKnownFileType = text.rtf; path = 52.rtf; sourceTree = "<group>"; };
		2BD0EB811FE82645006C9DC6 /* 46.rtf */ = {isa = PBXFileReference; fileEncoding = 4; lastKnownFileType = text.rtf; path = 46.rtf; sourceTree = "<group>"; };
		2BD0EB821FE82645006C9DC6 /* 47.rtf */ = {isa = PBXFileReference; fileEncoding = 4; lastKnownFileType = text.rtf; path = 47.rtf; sourceTree = "<group>"; };
		2BD0EB831FE82645006C9DC6 /* 53.rtf */ = {isa = PBXFileReference; fileEncoding = 4; lastKnownFileType = text.rtf; path = 53.rtf; sourceTree = "<group>"; };
		2BD0EB841FE82645006C9DC6 /* 1.rtf */ = {isa = PBXFileReference; fileEncoding = 4; lastKnownFileType = text.rtf; path = 1.rtf; sourceTree = "<group>"; };
		2BD0EB851FE82645006C9DC6 /* 34.rtf */ = {isa = PBXFileReference; fileEncoding = 4; lastKnownFileType = text.rtf; path = 34.rtf; sourceTree = "<group>"; };
		2BD0EB861FE82645006C9DC6 /* 20.rtf */ = {isa = PBXFileReference; fileEncoding = 4; lastKnownFileType = text.rtf; path = 20.rtf; sourceTree = "<group>"; };
		2BD0EB871FE82645006C9DC6 /* 21.rtf */ = {isa = PBXFileReference; fileEncoding = 4; lastKnownFileType = text.rtf; path = 21.rtf; sourceTree = "<group>"; };
		2BD0EB881FE82645006C9DC6 /* 35.rtf */ = {isa = PBXFileReference; fileEncoding = 4; lastKnownFileType = text.rtf; path = 35.rtf; sourceTree = "<group>"; };
		2BD0EB891FE82645006C9DC6 /* 23.rtf */ = {isa = PBXFileReference; fileEncoding = 4; lastKnownFileType = text.rtf; path = 23.rtf; sourceTree = "<group>"; };
		2BD0EB8A1FE82645006C9DC6 /* 37.rtf */ = {isa = PBXFileReference; fileEncoding = 4; lastKnownFileType = text.rtf; path = 37.rtf; sourceTree = "<group>"; };
		2BD0EB8B1FE82645006C9DC6 /* 36.rtf */ = {isa = PBXFileReference; fileEncoding = 4; lastKnownFileType = text.rtf; path = 36.rtf; sourceTree = "<group>"; };
		2BD0EB8C1FE82645006C9DC6 /* 22.rtf */ = {isa = PBXFileReference; fileEncoding = 4; lastKnownFileType = text.rtf; path = 22.rtf; sourceTree = "<group>"; };
		2BD0EB8D1FE82645006C9DC6 /* 26.rtf */ = {isa = PBXFileReference; fileEncoding = 4; lastKnownFileType = text.rtf; path = 26.rtf; sourceTree = "<group>"; };
		2BD0EB8E1FE82645006C9DC6 /* 32.rtf */ = {isa = PBXFileReference; fileEncoding = 4; lastKnownFileType = text.rtf; path = 32.rtf; sourceTree = "<group>"; };
		2BD0EB8F1FE82645006C9DC6 /* 33.rtf */ = {isa = PBXFileReference; fileEncoding = 4; lastKnownFileType = text.rtf; path = 33.rtf; sourceTree = "<group>"; };
		2BD0EB901FE82645006C9DC6 /* 27.rtf */ = {isa = PBXFileReference; fileEncoding = 4; lastKnownFileType = text.rtf; path = 27.rtf; sourceTree = "<group>"; };
		2BD0EB911FE82645006C9DC6 /* 19.rtf */ = {isa = PBXFileReference; fileEncoding = 4; lastKnownFileType = text.rtf; path = 19.rtf; sourceTree = "<group>"; };
		2BD0EB921FE82645006C9DC6 /* 31.rtf */ = {isa = PBXFileReference; fileEncoding = 4; lastKnownFileType = text.rtf; path = 31.rtf; sourceTree = "<group>"; };
		2BD0EB931FE82645006C9DC6 /* 25.rtf */ = {isa = PBXFileReference; fileEncoding = 4; lastKnownFileType = text.rtf; path = 25.rtf; sourceTree = "<group>"; };
		2BD0EB941FE82645006C9DC6 /* 24.rtf */ = {isa = PBXFileReference; fileEncoding = 4; lastKnownFileType = text.rtf; path = 24.rtf; sourceTree = "<group>"; };
		2BD0EB951FE82645006C9DC6 /* 30.rtf */ = {isa = PBXFileReference; fileEncoding = 4; lastKnownFileType = text.rtf; path = 30.rtf; sourceTree = "<group>"; };
		2BD0EB961FE82645006C9DC6 /* 18.rtf */ = {isa = PBXFileReference; fileEncoding = 4; lastKnownFileType = text.rtf; path = 18.rtf; sourceTree = "<group>"; };
/* End PBXFileReference section */

/* Begin PBXFrameworksBuildPhase section */
		2BD0EB131FE8246D006C9DC6 /* Frameworks */ = {
			isa = PBXFrameworksBuildPhase;
			buildActionMask = 2147483647;
			files = (
			);
			runOnlyForDeploymentPostprocessing = 0;
		};
		2BD0EB251FE8246D006C9DC6 /* Frameworks */ = {
			isa = PBXFrameworksBuildPhase;
			buildActionMask = 2147483647;
			files = (
			);
			runOnlyForDeploymentPostprocessing = 0;
		};
		2BD0EB301FE8246D006C9DC6 /* Frameworks */ = {
			isa = PBXFrameworksBuildPhase;
			buildActionMask = 2147483647;
			files = (
			);
			runOnlyForDeploymentPostprocessing = 0;
		};
/* End PBXFrameworksBuildPhase section */

/* Begin PBXGroup section */
		2BD0EB0D1FE8246D006C9DC6 = {
			isa = PBXGroup;
			children = (
				2BD0EB181FE8246D006C9DC6 /* Randomquiz */,
				2BD0EB2B1FE8246D006C9DC6 /* RandomquizTests */,
				2BD0EB361FE8246D006C9DC6 /* RandomquizUITests */,
				2BD0EB171FE8246D006C9DC6 /* Products */,
			);
			sourceTree = "<group>";
		};
		2BD0EB171FE8246D006C9DC6 /* Products */ = {
			isa = PBXGroup;
			children = (
				2BD0EB161FE8246D006C9DC6 /* Randomquiz.app */,
				2BD0EB281FE8246D006C9DC6 /* RandomquizTests.xctest */,
				2BD0EB331FE8246D006C9DC6 /* RandomquizUITests.xctest */,
			);
			name = Products;
			sourceTree = "<group>";
		};
		2BD0EB181FE8246D006C9DC6 /* Randomquiz */ = {
			isa = PBXGroup;
			children = (
				2BD0EB461FE82645006C9DC6 /* Questions */,
				2BD0EB191FE8246D006C9DC6 /* AppDelegate.swift */,
				2BD0EB1B1FE8246D006C9DC6 /* ViewController.swift */,
				2B1295631FE842870021ED62 /* Keys.swift */,
				2BD0EB1D1FE8246D006C9DC6 /* Assets.xcassets */,
				2BD0EB1F1FE8246D006C9DC6 /* Main.storyboard */,
				2BD0EB221FE8246D006C9DC6 /* Info.plist */,
				2BD0EB231FE8246D006C9DC6 /* Randomquiz.entitlements */,
			);
			path = Randomquiz;
			sourceTree = "<group>";
		};
		2BD0EB2B1FE8246D006C9DC6 /* RandomquizTests */ = {
			isa = PBXGroup;
			children = (
				2BD0EB2C1FE8246D006C9DC6 /* RandomquizTests.swift */,
				2BD0EB2E1FE8246D006C9DC6 /* Info.plist */,
			);
			path = RandomquizTests;
			sourceTree = "<group>";
		};
		2BD0EB361FE8246D006C9DC6 /* RandomquizUITests */ = {
			isa = PBXGroup;
			children = (
				2BD0EB371FE8246D006C9DC6 /* RandomquizUITests.swift */,
				2BD0EB391FE8246D006C9DC6 /* Info.plist */,
			);
			path = RandomquizUITests;
			sourceTree = "<group>";
		};
		2BD0EB461FE82645006C9DC6 /* Questions */ = {
			isa = PBXGroup;
			children = (
				2BD0EB471FE82645006C9DC6 /* 15.rtf */,
				2BD0EB481FE82645006C9DC6 /* 29.rtf */,
				2BD0EB491FE82645006C9DC6 /* 28.rtf */,
				2BD0EB4A1FE82645006C9DC6 /* 14.rtf */,
				2BD0EB4B1FE82645006C9DC6 /* 16.rtf */,
				2BD0EB4C1FE82645006C9DC6 /* 17.rtf */,
				2BD0EB4D1FE82645006C9DC6 /* 13.rtf */,
				2BD0EB4E1FE82645006C9DC6 /* 12.rtf */,
				2BD0EB4F1FE82645006C9DC6 /* 38.rtf */,
				2BD0EB501FE82645006C9DC6 /* 10.rtf */,
				2BD0EB511FE82645006C9DC6 /* 11.rtf */,
				2BD0EB521FE82645006C9DC6 /* 39.rtf */,
				2BD0EB531FE82645006C9DC6 /* 76.rtf */,
				2BD0EB541FE82645006C9DC6 /* 62.rtf */,
				2BD0EB551FE82645006C9DC6 /* 63.rtf */,
				2BD0EB561FE82645006C9DC6 /* 77.rtf */,
				2BD0EB571FE82645006C9DC6 /* 61.rtf */,
				2BD0EB581FE82645006C9DC6 /* 75.rtf */,
				2BD0EB591FE82645006C9DC6 /* 49.rtf */,
				2BD0EB5A1FE82645006C9DC6 /* 48.rtf */,
				2BD0EB5B1FE82645006C9DC6 /* 74.rtf */,
				2BD0EB5C1FE82645006C9DC6 /* 60.rtf */,
				2BD0EB5D1FE82645006C9DC6 /* 58.rtf */,
				2BD0EB5E1FE82645006C9DC6 /* 64.rtf */,
				2BD0EB5F1FE82645006C9DC6 /* 70.rtf */,
				2BD0EB601FE82645006C9DC6 /* 71.rtf */,
				2BD0EB611FE82645006C9DC6 /* 65.rtf */,
				2BD0EB621FE82645006C9DC6 /* 59.rtf */,
				2BD0EB631FE82645006C9DC6 /* 9.rtf */,
				2BD0EB641FE82645006C9DC6 /* 73.rtf */,
				2BD0EB651FE82645006C9DC6 /* 67.rtf */,
				2BD0EB661FE82645006C9DC6 /* 66.rtf */,
				2BD0EB671FE82645006C9DC6 /* 72.rtf */,
				2BD0EB681FE82645006C9DC6 /* 8.rtf */,
				2BD0EB691FE82645006C9DC6 /* 80.rtf */,
				2BD0EB6A1FE82645006C9DC6 /* 5.rtf */,
				2BD0EB6B1FE82645006C9DC6 /* 57.rtf */,
				2BD0EB6C1FE82645006C9DC6 /* 43.rtf */,
				2BD0EB6D1FE82645006C9DC6 /* 42.rtf */,
				2BD0EB6E1FE82645006C9DC6 /* 4.rtf */,
				2BD0EB6F1FE82645006C9DC6 /* 56.rtf */,
				2BD0EB701FE82645006C9DC6 /* 40.rtf */,
				2BD0EB711FE82645006C9DC6 /* 54.rtf */,
				2BD0EB721FE82645006C9DC6 /* 6.rtf */,
				2BD0EB731FE82645006C9DC6 /* 68.rtf */,
				2BD0EB741FE82645006C9DC6 /* 69.rtf */,
				2BD0EB751FE82645006C9DC6 /* 55.rtf */,
				2BD0EB761FE82645006C9DC6 /* 7.rtf */,
				2BD0EB771FE82645006C9DC6 /* 41.rtf */,
				2BD0EB781FE82645006C9DC6 /* 79.rtf */,
				2BD0EB791FE82645006C9DC6 /* 45.rtf */,
				2BD0EB7A1FE82645006C9DC6 /* 3.rtf */,
				2BD0EB7B1FE82645006C9DC6 /* 51.rtf */,
				2BD0EB7C1FE82645006C9DC6 /* 2.rtf */,
				2BD0EB7D1FE82645006C9DC6 /* 50.rtf */,
				2BD0EB7E1FE82645006C9DC6 /* 44.rtf */,
				2BD0EB7F1FE82645006C9DC6 /* 78.rtf */,
				2BD0EB801FE82645006C9DC6 /* 52.rtf */,
				2BD0EB811FE82645006C9DC6 /* 46.rtf */,
				2BD0EB821FE82645006C9DC6 /* 47.rtf */,
				2BD0EB831FE82645006C9DC6 /* 53.rtf */,
				2BD0EB841FE82645006C9DC6 /* 1.rtf */,
				2BD0EB851FE82645006C9DC6 /* 34.rtf */,
				2BD0EB861FE82645006C9DC6 /* 20.rtf */,
				2BD0EB871FE82645006C9DC6 /* 21.rtf */,
				2BD0EB881FE82645006C9DC6 /* 35.rtf */,
				2BD0EB891FE82645006C9DC6 /* 23.rtf */,
				2BD0EB8A1FE82645006C9DC6 /* 37.rtf */,
				2BD0EB8B1FE82645006C9DC6 /* 36.rtf */,
				2BD0EB8C1FE82645006C9DC6 /* 22.rtf */,
				2BD0EB8D1FE82645006C9DC6 /* 26.rtf */,
				2BD0EB8E1FE82645006C9DC6 /* 32.rtf */,
				2BD0EB8F1FE82645006C9DC6 /* 33.rtf */,
				2BD0EB901FE82645006C9DC6 /* 27.rtf */,
				2BD0EB911FE82645006C9DC6 /* 19.rtf */,
				2BD0EB921FE82645006C9DC6 /* 31.rtf */,
				2BD0EB931FE82645006C9DC6 /* 25.rtf */,
				2BD0EB941FE82645006C9DC6 /* 24.rtf */,
				2BD0EB951FE82645006C9DC6 /* 30.rtf */,
				2BD0EB961FE82645006C9DC6 /* 18.rtf */,
			);
			path = Questions;
			sourceTree = "<group>";
		};
/* End PBXGroup section */

/* Begin PBXNativeTarget section */
		2BD0EB151FE8246D006C9DC6 /* Randomquiz */ = {
			isa = PBXNativeTarget;
			buildConfigurationList = 2BD0EB3C1FE8246D006C9DC6 /* Build configuration list for PBXNativeTarget "Randomquiz" */;
			buildPhases = (
				2BD0EB121FE8246D006C9DC6 /* Sources */,
				2BD0EB131FE8246D006C9DC6 /* Frameworks */,
				2BD0EB141FE8246D006C9DC6 /* Resources */,
			);
			buildRules = (
			);
			dependencies = (
			);
			name = Randomquiz;
			productName = Randomquiz;
			productReference = 2BD0EB161FE8246D006C9DC6 /* Randomquiz.app */;
			productType = "com.apple.product-type.application";
		};
		2BD0EB271FE8246D006C9DC6 /* RandomquizTests */ = {
			isa = PBXNativeTarget;
			buildConfigurationList = 2BD0EB3F1FE8246D006C9DC6 /* Build configuration list for PBXNativeTarget "RandomquizTests" */;
			buildPhases = (
				2BD0EB241FE8246D006C9DC6 /* Sources */,
				2BD0EB251FE8246D006C9DC6 /* Frameworks */,
				2BD0EB261FE8246D006C9DC6 /* Resources */,
			);
			buildRules = (
			);
			dependencies = (
				2BD0EB2A1FE8246D006C9DC6 /* PBXTargetDependency */,
			);
			name = RandomquizTests;
			productName = RandomquizTests;
			productReference = 2BD0EB281FE8246D006C9DC6 /* RandomquizTests.xctest */;
			productType = "com.apple.product-type.bundle.unit-test";
		};
		2BD0EB321FE8246D006C9DC6 /* RandomquizUITests */ = {
			isa = PBXNativeTarget;
			buildConfigurationList = 2BD0EB421FE8246D006C9DC6 /* Build configuration list for PBXNativeTarget "RandomquizUITests" */;
			buildPhases = (
				2BD0EB2F1FE8246D006C9DC6 /* Sources */,
				2BD0EB301FE8246D006C9DC6 /* Frameworks */,
				2BD0EB311FE8246D006C9DC6 /* Resources */,
			);
			buildRules = (
			);
			dependencies = (
				2BD0EB351FE8246D006C9DC6 /* PBXTargetDependency */,
			);
			name = RandomquizUITests;
			productName = RandomquizUITests;
			productReference = 2BD0EB331FE8246D006C9DC6 /* RandomquizUITests.xctest */;
			productType = "com.apple.product-type.bundle.ui-testing";
		};
/* End PBXNativeTarget section */

/* Begin PBXProject section */
		2BD0EB0E1FE8246D006C9DC6 /* Project object */ = {
			isa = PBXProject;
			attributes = {
				LastSwiftUpdateCheck = 0920;
				LastUpgradeCheck = 0920;
				ORGANIZATIONNAME = "Essex Lake Group";
				TargetAttributes = {
					2BD0EB151FE8246D006C9DC6 = {
						CreatedOnToolsVersion = 9.2;
						ProvisioningStyle = Automatic;
					};
					2BD0EB271FE8246D006C9DC6 = {
						CreatedOnToolsVersion = 9.2;
						ProvisioningStyle = Automatic;
						TestTargetID = 2BD0EB151FE8246D006C9DC6;
					};
					2BD0EB321FE8246D006C9DC6 = {
						CreatedOnToolsVersion = 9.2;
						ProvisioningStyle = Automatic;
						TestTargetID = 2BD0EB151FE8246D006C9DC6;
					};
				};
			};
			buildConfigurationList = 2BD0EB111FE8246D006C9DC6 /* Build configuration list for PBXProject "Randomquiz" */;
			compatibilityVersion = "Xcode 8.0";
			developmentRegion = en;
			hasScannedForEncodings = 0;
			knownRegions = (
				en,
				Base,
			);
			mainGroup = 2BD0EB0D1FE8246D006C9DC6;
			productRefGroup = 2BD0EB171FE8246D006C9DC6 /* Products */;
			projectDirPath = "";
			projectRoot = "";
			targets = (
				2BD0EB151FE8246D006C9DC6 /* Randomquiz */,
				2BD0EB271FE8246D006C9DC6 /* RandomquizTests */,
				2BD0EB321FE8246D006C9DC6 /* RandomquizUITests */,
			);
		};
/* End PBXProject section */

/* Begin PBXResourcesBuildPhase section */
		2BD0EB141FE8246D006C9DC6 /* Resources */ = {
			isa = PBXResourcesBuildPhase;
			buildActionMask = 2147483647;
			files = (
				2BD0EBD51FE82645006C9DC6 /* 34.rtf in Resources */,
				2BD0EBD71FE82645006C9DC6 /* 21.rtf in Resources */,
				2BD0EBCA1FE82645006C9DC6 /* 3.rtf in Resources */,
				2BD0EBD61FE82645006C9DC6 /* 20.rtf in Resources */,
				2BD0EBC81FE82645006C9DC6 /* 79.rtf in Resources */,
				2BD0EBC01FE82645006C9DC6 /* 40.rtf in Resources */,
				2BD0EBB71FE82645006C9DC6 /* 72.rtf in Resources */,
				2BD0EBCF1FE82645006C9DC6 /* 78.rtf in Resources */,
				2BD0EBD81FE82645006C9DC6 /* 35.rtf in Resources */,
				2BD0EBAE1FE82645006C9DC6 /* 64.rtf in Resources */,
				2BD0EBDA1FE82645006C9DC6 /* 37.rtf in Resources */,
				2BD0EBC91FE82645006C9DC6 /* 45.rtf in Resources */,
				2BD0EBDD1FE82645006C9DC6 /* 26.rtf in Resources */,
				2BD0EBDC1FE82645006C9DC6 /* 22.rtf in Resources */,
				2BD0EBAD1FE82645006C9DC6 /* 58.rtf in Resources */,
				2BD0EBDF1FE82645006C9DC6 /* 33.rtf in Resources */,
				2BD0EBB81FE82645006C9DC6 /* 8.rtf in Resources */,
				2BD0EBE01FE82645006C9DC6 /* 27.rtf in Resources */,
				2BD0EBBF1FE82645006C9DC6 /* 56.rtf in Resources */,
				2BD0EBA81FE82645006C9DC6 /* 75.rtf in Resources */,
				2BD0EBE11FE82645006C9DC6 /* 19.rtf in Resources */,
				2BD0EBC21FE82645006C9DC6 /* 6.rtf in Resources */,
				2BD0EBA61FE82645006C9DC6 /* 77.rtf in Resources */,
				2BD0EBA11FE82645006C9DC6 /* 11.rtf in Resources */,
				2BD0EBE31FE82645006C9DC6 /* 25.rtf in Resources */,
				2BD0EBB31FE82645006C9DC6 /* 9.rtf in Resources */,
				2BD0EBD01FE82645006C9DC6 /* 52.rtf in Resources */,
				2BD0EBE21FE82645006C9DC6 /* 31.rtf in Resources */,
				2BD0EB9C1FE82645006C9DC6 /* 17.rtf in Resources */,
				2BD0EBA01FE82645006C9DC6 /* 10.rtf in Resources */,
				2BD0EBA51FE82645006C9DC6 /* 63.rtf in Resources */,
				2BD0EBE61FE82645006C9DC6 /* 18.rtf in Resources */,
				2BD0EBC61FE82645006C9DC6 /* 7.rtf in Resources */,
				2BD0EBAC1FE82645006C9DC6 /* 60.rtf in Resources */,
				2BD0EBC41FE82645006C9DC6 /* 69.rtf in Resources */,
				2BD0EBC31FE82645006C9DC6 /* 68.rtf in Resources */,
				2BD0EBB41FE82645006C9DC6 /* 73.rtf in Resources */,
				2BD0EBBB1FE82645006C9DC6 /* 57.rtf in Resources */,
				2BD0EB991FE82645006C9DC6 /* 28.rtf in Resources */,
				2BD0EBBC1FE82645006C9DC6 /* 43.rtf in Resources */,
				2BD0EBB61FE82645006C9DC6 /* 66.rtf in Resources */,
				2BD0EBA21FE82645006C9DC6 /* 39.rtf in Resources */,
				2BD0EBB11FE82645006C9DC6 /* 65.rtf in Resources */,
				2BD0EB9B1FE82645006C9DC6 /* 16.rtf in Resources */,
				2BD0EBBA1FE82645006C9DC6 /* 5.rtf in Resources */,
				2BD0EBDE1FE82645006C9DC6 /* 32.rtf in Resources */,
				2BD0EB1E1FE8246D006C9DC6 /* Assets.xcassets in Resources */,
				2BD0EBA91FE82645006C9DC6 /* 49.rtf in Resources */,
				2BD0EBD91FE82645006C9DC6 /* 23.rtf in Resources */,
				2BD0EBC51FE82645006C9DC6 /* 55.rtf in Resources */,
				2BD0EBCC1FE82645006C9DC6 /* 2.rtf in Resources */,
				2BD0EBD11FE82645006C9DC6 /* 46.rtf in Resources */,
				2BD0EB211FE8246D006C9DC6 /* Main.storyboard in Resources */,
				2BD0EBA41FE82645006C9DC6 /* 62.rtf in Resources */,
				2BD0EBAF1FE82645006C9DC6 /* 70.rtf in Resources */,
				2BD0EB9E1FE82645006C9DC6 /* 12.rtf in Resources */,
				2BD0EBD31FE82645006C9DC6 /* 53.rtf in Resources */,
				2BD0EBCD1FE82645006C9DC6 /* 50.rtf in Resources */,
				2BD0EB9A1FE82645006C9DC6 /* 14.rtf in Resources */,
				2BD0EBB21FE82645006C9DC6 /* 59.rtf in Resources */,
				2BD0EBC71FE82645006C9DC6 /* 41.rtf in Resources */,
				2BD0EBCB1FE82645006C9DC6 /* 51.rtf in Resources */,
				2BD0EBA31FE82645006C9DC6 /* 76.rtf in Resources */,
				2BD0EBD41FE82645006C9DC6 /* 1.rtf in Resources */,
				2BD0EBD21FE82645006C9DC6 /* 47.rtf in Resources */,
				2BD0EBAB1FE82645006C9DC6 /* 74.rtf in Resources */,
				2BD0EBB91FE82645006C9DC6 /* 80.rtf in Resources */,
				2BD0EB971FE82645006C9DC6 /* 15.rtf in Resources */,
				2BD0EBA71FE82645006C9DC6 /* 61.rtf in Resources */,
				2BD0EB9D1FE82645006C9DC6 /* 13.rtf in Resources */,
				2BD0EBB01FE82645006C9DC6 /* 71.rtf in Resources */,
				2BD0EBE41FE82645006C9DC6 /* 24.rtf in Resources */,
				2BD0EB981FE82645006C9DC6 /* 29.rtf in Resources */,
				2BD0EBE51FE82645006C9DC6 /* 30.rtf in Resources */,
				2BD0EBAA1FE82645006C9DC6 /* 48.rtf in Resources */,
				2BD0EBC11FE82645006C9DC6 /* 54.rtf in Resources */,
				2BD0EB9F1FE82645006C9DC6 /* 38.rtf in Resources */,
				2BD0EBDB1FE82645006C9DC6 /* 36.rtf in Resources */,
				2BD0EBBE1FE82645006C9DC6 /* 4.rtf in Resources */,
				2BD0EBB51FE82645006C9DC6 /* 67.rtf in Resources */,
				2BD0EBCE1FE82645006C9DC6 /* 44.rtf in Resources */,
				2BD0EBBD1FE82645006C9DC6 /* 42.rtf in Resources */,
			);
			runOnlyForDeploymentPostprocessing = 0;
		};
		2BD0EB261FE8246D006C9DC6 /* Resources */ = {
			isa = PBXResourcesBuildPhase;
			buildActionMask = 2147483647;
			files = (
			);
			runOnlyForDeploymentPostprocessing = 0;
		};
		2BD0EB311FE8246D006C9DC6 /* Resources */ = {
			isa = PBXResourcesBuildPhase;
			buildActionMask = 2147483647;
			files = (
			);
			runOnlyForDeploymentPostprocessing = 0;
		};
/* End PBXResourcesBuildPhase section */

/* Begin PBXSourcesBuildPhase section */
		2BD0EB121FE8246D006C9DC6 /* Sources */ = {
			isa = PBXSourcesBuildPhase;
			buildActionMask = 2147483647;
			files = (
				2BD0EB1C1FE8246D006C9DC6 /* ViewController.swift in Sources */,
				2B1295641FE842870021ED62 /* Keys.swift in Sources */,
				2BD0EB1A1FE8246D006C9DC6 /* AppDelegate.swift in Sources */,
			);
			runOnlyForDeploymentPostprocessing = 0;
		};
		2BD0EB241FE8246D006C9DC6 /* Sources */ = {
			isa = PBXSourcesBuildPhase;
			buildActionMask = 2147483647;
			files = (
				2BD0EB2D1FE8246D006C9DC6 /* RandomquizTests.swift in Sources */,
			);
			runOnlyForDeploymentPostprocessing = 0;
		};
		2BD0EB2F1FE8246D006C9DC6 /* Sources */ = {
			isa = PBXSourcesBuildPhase;
			buildActionMask = 2147483647;
			files = (
				2BD0EB381FE8246D006C9DC6 /* RandomquizUITests.swift in Sources */,
			);
			runOnlyForDeploymentPostprocessing = 0;
		};
/* End PBXSourcesBuildPhase section */

/* Begin PBXTargetDependency section */
		2BD0EB2A1FE8246D006C9DC6 /* PBXTargetDependency */ = {
			isa = PBXTargetDependency;
			target = 2BD0EB151FE8246D006C9DC6 /* Randomquiz */;
			targetProxy = 2BD0EB291FE8246D006C9DC6 /* PBXContainerItemProxy */;
		};
		2BD0EB351FE8246D006C9DC6 /* PBXTargetDependency */ = {
			isa = PBXTargetDependency;
			target = 2BD0EB151FE8246D006C9DC6 /* Randomquiz */;
			targetProxy = 2BD0EB341FE8246D006C9DC6 /* PBXContainerItemProxy */;
		};
/* End PBXTargetDependency section */

/* Begin PBXVariantGroup section */
		2BD0EB1F1FE8246D006C9DC6 /* Main.storyboard */ = {
			isa = PBXVariantGroup;
			children = (
				2BD0EB201FE8246D006C9DC6 /* Base */,
			);
			name = Main.storyboard;
			sourceTree = "<group>";
		};
/* End PBXVariantGroup section */

/* Begin XCBuildConfiguration section */
		2BD0EB3A1FE8246D006C9DC6 /* Debug */ = {
			isa = XCBuildConfiguration;
			buildSettings = {
				ALWAYS_SEARCH_USER_PATHS = NO;
				CLANG_ANALYZER_NONNULL = YES;
				CLANG_ANALYZER_NUMBER_OBJECT_CONVERSION = YES_AGGRESSIVE;
				CLANG_CXX_LANGUAGE_STANDARD = "gnu++14";
				CLANG_CXX_LIBRARY = "libc++";
				CLANG_ENABLE_MODULES = YES;
				CLANG_ENABLE_OBJC_ARC = YES;
				CLANG_WARN_BLOCK_CAPTURE_AUTORELEASING = YES;
				CLANG_WARN_BOOL_CONVERSION = YES;
				CLANG_WARN_COMMA = YES;
				CLANG_WARN_CONSTANT_CONVERSION = YES;
				CLANG_WARN_DIRECT_OBJC_ISA_USAGE = YES_ERROR;
				CLANG_WARN_DOCUMENTATION_COMMENTS = YES;
				CLANG_WARN_EMPTY_BODY = YES;
				CLANG_WARN_ENUM_CONVERSION = YES;
				CLANG_WARN_INFINITE_RECURSION = YES;
				CLANG_WARN_INT_CONVERSION = YES;
				CLANG_WARN_NON_LITERAL_NULL_CONVERSION = YES;
				CLANG_WARN_OBJC_LITERAL_CONVERSION = YES;
				CLANG_WARN_OBJC_ROOT_CLASS = YES_ERROR;
				CLANG_WARN_RANGE_LOOP_ANALYSIS = YES;
				CLANG_WARN_STRICT_PROTOTYPES = YES;
				CLANG_WARN_SUSPICIOUS_MOVE = YES;
				CLANG_WARN_UNGUARDED_AVAILABILITY = YES_AGGRESSIVE;
				CLANG_WARN_UNREACHABLE_CODE = YES;
				CLANG_WARN__DUPLICATE_METHOD_MATCH = YES;
				CODE_SIGN_IDENTITY = "Mac Developer";
				COPY_PHASE_STRIP = NO;
				DEBUG_INFORMATION_FORMAT = dwarf;
				ENABLE_STRICT_OBJC_MSGSEND = YES;
				ENABLE_TESTABILITY = YES;
				GCC_C_LANGUAGE_STANDARD = gnu11;
				GCC_DYNAMIC_NO_PIC = NO;
				GCC_NO_COMMON_BLOCKS = YES;
				GCC_OPTIMIZATION_LEVEL = 0;
				GCC_PREPROCESSOR_DEFINITIONS = (
					"DEBUG=1",
					"$(inherited)",
				);
				GCC_WARN_64_TO_32_BIT_CONVERSION = YES;
				GCC_WARN_ABOUT_RETURN_TYPE = YES_ERROR;
				GCC_WARN_UNDECLARED_SELECTOR = YES;
				GCC_WARN_UNINITIALIZED_AUTOS = YES_AGGRESSIVE;
				GCC_WARN_UNUSED_FUNCTION = YES;
				GCC_WARN_UNUSED_VARIABLE = YES;
				MACOSX_DEPLOYMENT_TARGET = 10.13;
				MTL_ENABLE_DEBUG_INFO = YES;
				ONLY_ACTIVE_ARCH = YES;
				SDKROOT = macosx;
				SWIFT_ACTIVE_COMPILATION_CONDITIONS = DEBUG;
				SWIFT_OPTIMIZATION_LEVEL = "-Onone";
			};
			name = Debug;
		};
		2BD0EB3B1FE8246D006C9DC6 /* Release */ = {
			isa = XCBuildConfiguration;
			buildSettings = {
				ALWAYS_SEARCH_USER_PATHS = NO;
				CLANG_ANALYZER_NONNULL = YES;
				CLANG_ANALYZER_NUMBER_OBJECT_CONVERSION = YES_AGGRESSIVE;
				CLANG_CXX_LANGUAGE_STANDARD = "gnu++14";
				CLANG_CXX_LIBRARY = "libc++";
				CLANG_ENABLE_MODULES = YES;
				CLANG_ENABLE_OBJC_ARC = YES;
				CLANG_WARN_BLOCK_CAPTURE_AUTORELEASING = YES;
				CLANG_WARN_BOOL_CONVERSION = YES;
				CLANG_WARN_COMMA = YES;
				CLANG_WARN_CONSTANT_CONVERSION = YES;
				CLANG_WARN_DIRECT_OBJC_ISA_USAGE = YES_ERROR;
				CLANG_WARN_DOCUMENTATION_COMMENTS = YES;
				CLANG_WARN_EMPTY_BODY = YES;
				CLANG_WARN_ENUM_CONVERSION = YES;
				CLANG_WARN_INFINITE_RECURSION = YES;
				CLANG_WARN_INT_CONVERSION = YES;
				CLANG_WARN_NON_LITERAL_NULL_CONVERSION = YES;
				CLANG_WARN_OBJC_LITERAL_CONVERSION = YES;
				CLANG_WARN_OBJC_ROOT_CLASS = YES_ERROR;
				CLANG_WARN_RANGE_LOOP_ANALYSIS = YES;
				CLANG_WARN_STRICT_PROTOTYPES = YES;
				CLANG_WARN_SUSPICIOUS_MOVE = YES;
				CLANG_WARN_UNGUARDED_AVAILABILITY = YES_AGGRESSIVE;
				CLANG_WARN_UNREACHABLE_CODE = YES;
				CLANG_WARN__DUPLICATE_METHOD_MATCH = YES;
				CODE_SIGN_IDENTITY = "Mac Developer";
				COPY_PHASE_STRIP = NO;
				DEBUG_INFORMATION_FORMAT = "dwarf-with-dsym";
				ENABLE_NS_ASSERTIONS = NO;
				ENABLE_STRICT_OBJC_MSGSEND = YES;
				GCC_C_LANGUAGE_STANDARD = gnu11;
				GCC_NO_COMMON_BLOCKS = YES;
				GCC_WARN_64_TO_32_BIT_CONVERSION = YES;
				GCC_WARN_ABOUT_RETURN_TYPE = YES_ERROR;
				GCC_WARN_UNDECLARED_SELECTOR = YES;
				GCC_WARN_UNINITIALIZED_AUTOS = YES_AGGRESSIVE;
				GCC_WARN_UNUSED_FUNCTION = YES;
				GCC_WARN_UNUSED_VARIABLE = YES;
				MACOSX_DEPLOYMENT_TARGET = 10.13;
				MTL_ENABLE_DEBUG_INFO = NO;
				SDKROOT = macosx;
				SWIFT_OPTIMIZATION_LEVEL = "-Owholemodule";
			};
			name = Release;
		};
		2BD0EB3D1FE8246D006C9DC6 /* Debug */ = {
			isa = XCBuildConfiguration;
			buildSettings = {
				ASSETCATALOG_COMPILER_APPICON_NAME = AppIcon;
				CODE_SIGN_ENTITLEMENTS = Randomquiz/Randomquiz.entitlements;
				CODE_SIGN_STYLE = Automatic;
				COMBINE_HIDPI_IMAGES = YES;
				DEVELOPMENT_TEAM = Q4YE53J82A;
				INFOPLIST_FILE = Randomquiz/Info.plist;
				LD_RUNPATH_SEARCH_PATHS = "$(inherited) @executable_path/../Frameworks";
				PRODUCT_BUNDLE_IDENTIFIER = essex.Randomquiz;
				PRODUCT_NAME = "$(TARGET_NAME)";
				SWIFT_VERSION = 4.0;
			};
			name = Debug;
		};
		2BD0EB3E1FE8246D006C9DC6 /* Release */ = {
			isa = XCBuildConfiguration;
			buildSettings = {
				ASSETCATALOG_COMPILER_APPICON_NAME = AppIcon;
				CODE_SIGN_ENTITLEMENTS = Randomquiz/Randomquiz.entitlements;
				CODE_SIGN_STYLE = Automatic;
				COMBINE_HIDPI_IMAGES = YES;
				DEVELOPMENT_TEAM = Q4YE53J82A;
				INFOPLIST_FILE = Randomquiz/Info.plist;
				LD_RUNPATH_SEARCH_PATHS = "$(inherited) @executable_path/../Frameworks";
				PRODUCT_BUNDLE_IDENTIFIER = essex.Randomquiz;
				PRODUCT_NAME = "$(TARGET_NAME)";
				SWIFT_VERSION = 4.0;
			};
			name = Release;
		};
		2BD0EB401FE8246D006C9DC6 /* Debug */ = {
			isa = XCBuildConfiguration;
			buildSettings = {
				ALWAYS_EMBED_SWIFT_STANDARD_LIBRARIES = YES;
				BUNDLE_LOADER = "$(TEST_HOST)";
				CODE_SIGN_STYLE = Automatic;
				COMBINE_HIDPI_IMAGES = YES;
				DEVELOPMENT_TEAM = Q4YE53J82A;
				INFOPLIST_FILE = RandomquizTests/Info.plist;
				LD_RUNPATH_SEARCH_PATHS = "$(inherited) @executable_path/../Frameworks @loader_path/../Frameworks";
				PRODUCT_BUNDLE_IDENTIFIER = essex.RandomquizTests;
				PRODUCT_NAME = "$(TARGET_NAME)";
				SWIFT_VERSION = 4.0;
				TEST_HOST = "$(BUILT_PRODUCTS_DIR)/Randomquiz.app/Contents/MacOS/Randomquiz";
			};
			name = Debug;
		};
		2BD0EB411FE8246D006C9DC6 /* Release */ = {
			isa = XCBuildConfiguration;
			buildSettings = {
				ALWAYS_EMBED_SWIFT_STANDARD_LIBRARIES = YES;
				BUNDLE_LOADER = "$(TEST_HOST)";
				CODE_SIGN_STYLE = Automatic;
				COMBINE_HIDPI_IMAGES = YES;
				DEVELOPMENT_TEAM = Q4YE53J82A;
				INFOPLIST_FILE = RandomquizTests/Info.plist;
				LD_RUNPATH_SEARCH_PATHS = "$(inherited) @executable_path/../Frameworks @loader_path/../Frameworks";
				PRODUCT_BUNDLE_IDENTIFIER = essex.RandomquizTests;
				PRODUCT_NAME = "$(TARGET_NAME)";
				SWIFT_VERSION = 4.0;
				TEST_HOST = "$(BUILT_PRODUCTS_DIR)/Randomquiz.app/Contents/MacOS/Randomquiz";
			};
			name = Release;
		};
		2BD0EB431FE8246D006C9DC6 /* Debug */ = {
			isa = XCBuildConfiguration;
			buildSettings = {
				ALWAYS_EMBED_SWIFT_STANDARD_LIBRARIES = YES;
				CODE_SIGN_STYLE = Automatic;
				COMBINE_HIDPI_IMAGES = YES;
				DEVELOPMENT_TEAM = Q4YE53J82A;
				INFOPLIST_FILE = RandomquizUITests/Info.plist;
				LD_RUNPATH_SEARCH_PATHS = "$(inherited) @executable_path/../Frameworks @loader_path/../Frameworks";
				PRODUCT_BUNDLE_IDENTIFIER = essex.RandomquizUITests;
				PRODUCT_NAME = "$(TARGET_NAME)";
				SWIFT_VERSION = 4.0;
				TEST_TARGET_NAME = Randomquiz;
			};
			name = Debug;
		};
		2BD0EB441FE8246D006C9DC6 /* Release */ = {
			isa = XCBuildConfiguration;
			buildSettings = {
				ALWAYS_EMBED_SWIFT_STANDARD_LIBRARIES = YES;
				CODE_SIGN_STYLE = Automatic;
				COMBINE_HIDPI_IMAGES = YES;
				DEVELOPMENT_TEAM = Q4YE53J82A;
				INFOPLIST_FILE = RandomquizUITests/Info.plist;
				LD_RUNPATH_SEARCH_PATHS = "$(inherited) @executable_path/../Frameworks @loader_path/../Frameworks";
				PRODUCT_BUNDLE_IDENTIFIER = essex.RandomquizUITests;
				PRODUCT_NAME = "$(TARGET_NAME)";
				SWIFT_VERSION = 4.0;
				TEST_TARGET_NAME = Randomquiz;
			};
			name = Release;
		};
/* End XCBuildConfiguration section */

/* Begin XCConfigurationList section */
		2BD0EB111FE8246D006C9DC6 /* Build configuration list for PBXProject "Randomquiz" */ = {
			isa = XCConfigurationList;
			buildConfigurations = (
				2BD0EB3A1FE8246D006C9DC6 /* Debug */,
				2BD0EB3B1FE8246D006C9DC6 /* Release */,
			);
			defaultConfigurationIsVisible = 0;
			defaultConfigurationName = Release;
		};
		2BD0EB3C1FE8246D006C9DC6 /* Build configuration list for PBXNativeTarget "Randomquiz" */ = {
			isa = XCConfigurationList;
			buildConfigurations = (
				2BD0EB3D1FE8246D006C9DC6 /* Debug */,
				2BD0EB3E1FE8246D006C9DC6 /* Release */,
			);
			defaultConfigurationIsVisible = 0;
			defaultConfigurationName = Release;
		};
		2BD0EB3F1FE8246D006C9DC6 /* Build configuration list for PBXNativeTarget "RandomquizTests" */ = {
			isa = XCConfigurationList;
			buildConfigurations = (
				2BD0EB401FE8246D006C9DC6 /* Debug */,
				2BD0EB411FE8246D006C9DC6 /* Release */,
			);
			defaultConfigurationIsVisible = 0;
			defaultConfigurationName = Release;
		};
		2BD0EB421FE8246D006C9DC6 /* Build configuration list for PBXNativeTarget "RandomquizUITests" */ = {
			isa = XCConfigurationList;
			buildConfigurations = (
				2BD0EB431FE8246D006C9DC6 /* Debug */,
				2BD0EB441FE8246D006C9DC6 /* Release */,
			);
			defaultConfigurationIsVisible = 0;
			defaultConfigurationName = Release;
		};
/* End XCConfigurationList section */
	};
	rootObject = 2BD0EB0E1FE8246D006C9DC6 /* Project object */;
}
